{
  "requires": true,
  "lockfileVersion": 1,
  "dependencies": {
    "animejs": {
      "version": "3.0.1",
      "resolved": "https://registry.npmjs.org/animejs/-/animejs-3.0.1.tgz",
      "integrity": "sha512-7mMoBQScvA7s4zm3EVgnuXXrtOu6TJNAhU+Ajo7HsXYH0NwbuZIcRHMO65a9NyUlmAXz4VPxlK5cENNOQbCi8g=="
    },
    "aos": {
      "version": "3.0.0-beta.6",
      "resolved": "https://registry.npmjs.org/aos/-/aos-3.0.0-beta.6.tgz",
      "integrity": "sha512-VLWrpq8bfAWcetynVHMMrqdC+89Qq/Ym6UBJbHB4crIwp3RR8uq1dNGgsFzoDl03S43rlVMK+na3r5+oUCZsYw==",
      "requires": {
        "classlist-polyfill": "^1.2.0",
        "lodash.debounce": "^4.0.8",
        "lodash.throttle": "^4.1.1"
      }
    },
    "classlist-polyfill": {
      "version": "1.2.0",
      "resolved": "https://registry.npmjs.org/classlist-polyfill/-/classlist-polyfill-1.2.0.tgz",
      "integrity": "sha1-k1vC39lFiodrJ5YXUUY4vKqWSi4="
    },
    "eve": {
      "version": "0.5.4",
      "resolved": "https://registry.npmjs.org/eve/-/eve-0.5.4.tgz",
      "integrity": "sha1-Z9CAuXJSkdfjieNMJoYN2X8d66o="
    },
    "lodash.debounce": {
      "version": "4.0.8",
      "resolved": "https://registry.npmjs.org/lodash.debounce/-/lodash.debounce-4.0.8.tgz",
      "integrity": "sha1-gteb/zCmfEAF/9XiUVMArZyk168="
    },
    "lodash.throttle": {
      "version": "4.1.1",
      "resolved": "https://registry.npmjs.org/lodash.throttle/-/lodash.throttle-4.1.1.tgz",
      "integrity": "sha1-wj6RtxAkKscMN/HhzaknTMOb8vQ="
    },
    "snapsvg": {
      "version": "0.5.1",
      "resolved": "https://registry.npmjs.org/snapsvg/-/snapsvg-0.5.1.tgz",
      "integrity": "sha1-DK9Sx5GJopB0b8RGzF6GP2vd3+M=",
      "requires": {
        "eve": "~0.5.1"
      }
    }
  }
}
